{
  "pins" : [
    {
      "identity" : "swiftdithering",
      "kind" : "remoteSourceControl",
      "location" : "https://github.com/lugalu/SwiftDithering",
      "state" : {
        "revision" : "3445399099cf9cf7515aeb1b778d7da09a1642f9",
        "version" : "1.1.1"
      }
    }
  ],
  "version" : 2
}
