{
  "pins" : [
    {
      "identity" : "swiftdithering",
      "kind" : "remoteSourceControl",
      "location" : "https://github.com/lugalu/SwiftDithering",
      "state" : {
        "revision" : "58951dcb6295aacbdf5c9b07e45b000f785d2cd5",
        "version" : "1.3.0"
      }
    }
  ],
  "version" : 2
}
